github.com/ErikKassubek/Deadlock-Go v0.0.0-20220611155520-e781bef438c2 h1:YLzwHATJ81w/f9ublc8r2gr3p4obUKQ6bK2wD1Xf2oQ=
github.com/ErikKassubek/Deadlock-Go v0.0.0-20220611155520-e781bef438c2/go.mod h1:7Vc79JudE6HvOW9XgKRvWHuEXSPs+bKTNR9KslSB/Ck=
github.com/petermattis/goid v0.0.0-20220526132513-07eaf5d0b9f4 h1:COozsq2xbSoZ6kt+/iHGF7eQqiUZr2uxQoAe4OzNkhE=
github.com/petermattis/goid v0.0.0-20220526132513-07eaf5d0b9f4/go.mod h1:pxMtw7cyUw6B2bRH0ZBANSPg+AoSud1I1iyJHI69jH4=
