github.com/ErikKassubek/Deadlock-Go v0.0.0-20220715093138-77df48dbfebe h1:/M25ev41e322MgOWzBT4xm5og0WQm0YwHveTJX3y7HM=
github.com/ErikKassubek/Deadlock-Go v0.0.0-20220715093138-77df48dbfebe/go.mod h1:7Vc79JudE6HvOW9XgKRvWHuEXSPs+bKTNR9KslSB/Ck=
github.com/petermattis/goid v0.0.0-20180202154549-b0b1615b78e5/go.mod h1:jvVRKCrJTQWu0XVbaOlby/2lO20uSCHEMzzplHXte1o=
github.com/petermattis/goid v0.0.0-20220526132513-07eaf5d0b9f4 h1:COozsq2xbSoZ6kt+/iHGF7eQqiUZr2uxQoAe4OzNkhE=
github.com/petermattis/goid v0.0.0-20220526132513-07eaf5d0b9f4/go.mod h1:pxMtw7cyUw6B2bRH0ZBANSPg+AoSud1I1iyJHI69jH4=
github.com/sasha-s/go-deadlock v0.3.1 h1:sqv7fDNShgjcaxkO0JNcOAlr8B9+cV5Ey/OB71efZx0=
github.com/sasha-s/go-deadlock v0.3.1/go.mod h1:F73l+cr82YSh10GxyRI6qZiCgK64VaZjwesgfQ1/iLM=
